
Microsoft Visual Studio Solution File, Format Version 12.00
# Visual Studio 14
VisualStudioVersion = 14.0.23107.0
MinimumVisualStudioVersion = 10.0.40219.1
Project("{FAE04EC0-301F-11D3-BF4B-00C04F79EFBC}") = "Example1", "Example1\Example1.csproj", "{DD685F6E-4437-48DF-A0C1-07A8281BAD73}"
EndProject
Project("{FAE04EC0-301F-11D3-BF4B-00C04F79EFBC}") = "WarmUpTests", "WarmUpTests\WarmUpTests.csproj", "{D12790D2-C821-4710-A0DF-A44D0C580764}"
EndProject
Global
	GlobalSection(SolutionConfigurationPlatforms) = preSolution
		Debug|Any CPU = Debug|Any CPU
		Release|Any CPU = Release|Any CPU
	EndGlobalSection
	GlobalSection(ProjectConfigurationPlatforms) = postSolution
		{DD685F6E-4437-48DF-A0C1-07A8281BAD73}.Debug|Any CPU.ActiveCfg = Debug|Any CPU
		{DD685F6E-4437-48DF-A0C1-07A8281BAD73}.Debug|Any CPU.Build.0 = Debug|Any CPU
		{DD685F6E-4437-48DF-A0C1-07A8281BAD73}.Release|Any CPU.ActiveCfg = Release|Any CPU
		{DD685F6E-4437-48DF-A0C1-07A8281BAD73}.Release|Any CPU.Build.0 = Release|Any CPU
		{D12790D2-C821-4710-A0DF-A44D0C580764}.Debug|Any CPU.ActiveCfg = Debug|Any CPU
		{D12790D2-C821-4710-A0DF-A44D0C580764}.Debug|Any CPU.Build.0 = Debug|Any CPU
		{D12790D2-C821-4710-A0DF-A44D0C580764}.Release|Any CPU.ActiveCfg = Release|Any CPU
		{D12790D2-C821-4710-A0DF-A44D0C580764}.Release|Any CPU.Build.0 = Release|Any CPU
	EndGlobalSection
	GlobalSection(SolutionProperties) = preSolution
		HideSolutionNode = FALSE
	EndGlobalSection
EndGlobal
